<?xml version="1.0" encoding="utf-8"?>
<Project ToolsVersion="4.0" xmlns="http://schemas.microsoft.com/developer/msbuild/2003">
  <ItemGroup>
    <Filter Include="Math">
      <UniqueIdentifier>{AFF4887C-9B2B-8A0D-4418-7010302E060F}</UniqueIdentifier>
    </Filter>
    <Filter Include="Math\src">
      <UniqueIdentifier>{46725DCC-323F-B8D7-5B58-A67F4784ED65}</UniqueIdentifier>
    </Filter>
    <Filter Include="src">
      <UniqueIdentifier>{2DAB880B-99B4-887C-2230-9F7C8E38947C}</UniqueIdentifier>
    </Filter>
    <Filter Include="src\Assets">
      <UniqueIdentifier>{6FFD3E05-5BB5-8052-C4BC-59AEB0931B43}</UniqueIdentifier>
    </Filter>
    <Filter Include="src\Assets\Images">
      <UniqueIdentifier>{34CB9047-A0E1-8EDD-E958-1AFF55AE5F65}</UniqueIdentifier>
    </Filter>
    <Filter Include="src\Assets\Shaders">
      <UniqueIdentifier>{4821C52F-3405-8685-9D65-80D889687007}</UniqueIdentifier>
    </Filter>
    <Filter Include="src\Buffers">
      <UniqueIdentifier>{A947D8FD-15FD-50F3-9EF1-4ACA0AA647F7}</UniqueIdentifier>
    </Filter>
    <Filter Include="src\Camera">
      <UniqueIdentifier>{054BA008-F102-E255-5A0A-BBB146E17C46}</UniqueIdentifier>
    </Filter>
    <Filter Include="src\ECS">
      <UniqueIdentifier>{F76D2FA9-634D-AE44-6C65-391BD8C314A6}</UniqueIdentifier>
    </Filter>
    <Filter Include="src\InputHandling">
      <UniqueIdentifier>{1167DE2D-7D7D-DCC3-C6F4-67E5324AAD4B}</UniqueIdentifier>
    </Filter>
    <Filter Include="src\Rendering">
      <UniqueIdentifier>{BA10DABB-26D1-55F2-EF0B-9F6F5B8B9ACE}</UniqueIdentifier>
    </Filter>
    <Filter Include="src\SceneManagment">
      <UniqueIdentifier>{42F59113-2ED9-5269-9739-4DBC833C3DEB}</UniqueIdentifier>
    </Filter>
    <Filter Include="src\Utils">
      <UniqueIdentifier>{4D9AFFB3-B904-B42A-0243-65D06EEC917F}</UniqueIdentifier>
    </Filter>
    <Filter Include="vendor">
      <UniqueIdentifier>{B3738122-9F15-ACF8-88D0-BF4C74113349}</UniqueIdentifier>
    </Filter>
    <Filter Include="vendor\ImGui">
      <UniqueIdentifier>{1DA38CEE-0906-1C93-B28B-54499ECDE715}</UniqueIdentifier>
    </Filter>
    <Filter Include="vendor\ImGui\include">
      <UniqueIdentifier>{90972523-7C26-AFEC-2545-C3E711B3BF92}</UniqueIdentifier>
    </Filter>
    <Filter Include="vendor\ImGui\include\imgui">
      <UniqueIdentifier>{FA10C986-E620-7557-4FDA-D9753B0964F0}</UniqueIdentifier>
    </Filter>
    <Filter Include="vendor\ImGui\lib">
      <UniqueIdentifier>{C3884EDC-AF81-6D2E-D8B3-52B3C40B4D3A}</UniqueIdentifier>
    </Filter>
    <Filter Include="vendor\STBI_IMAGE">
      <UniqueIdentifier>{76E38740-E2F9-85D6-2B71-11F897C6565E}</UniqueIdentifier>
    </Filter>
  </ItemGroup>
  <ItemGroup>
    <ClInclude Include="Math\SM_math.h">
      <Filter>Math</Filter>
    </ClInclude>
    <ClInclude Include="Math\src\vector.h">
      <Filter>Math\src</Filter>
    </ClInclude>
    <ClInclude Include="Sycamore.h" />
    <ClInclude Include="src\Buffers\IndexBuffer.h">
      <Filter>src\Buffers</Filter>
    </ClInclude>
    <ClInclude Include="src\Buffers\VertexArray.h">
      <Filter>src\Buffers</Filter>
    </ClInclude>
    <ClInclude Include="src\Buffers\VertexBuffer.h">
      <Filter>src\Buffers</Filter>
    </ClInclude>
    <ClInclude Include="src\Buffers\VertexBufferLayout.h">
      <Filter>src\Buffers</Filter>
    </ClInclude>
    <ClInclude Include="src\ECS\Component.h">
      <Filter>src\ECS</Filter>
    </ClInclude>
    <ClInclude Include="src\ECS\GameObject.h">
      <Filter>src\ECS</Filter>
    </ClInclude>
    <ClInclude Include="src\ECS\Sprite.h">
      <Filter>src\ECS</Filter>
    </ClInclude>
    <ClInclude Include="src\ECS\SpriteRenderer.h">
      <Filter>src\ECS</Filter>
    </ClInclude>
    <ClInclude Include="src\ECS\Spritesheet.h">
      <Filter>src\ECS</Filter>
    </ClInclude>
    <ClInclude Include="src\ECS\Transform.h">
      <Filter>src\ECS</Filter>
    </ClInclude>
    <ClInclude Include="src\InputHandling\InputCallbacks.h">
      <Filter>src\InputHandling</Filter>
    </ClInclude>
    <ClInclude Include="src\InputHandling\KeysHandleler.h">
      <Filter>src\InputHandling</Filter>
    </ClInclude>
    <ClInclude Include="src\InputHandling\MouseHandleler.h">
      <Filter>src\InputHandling</Filter>
    </ClInclude>
    <ClInclude Include="src\Rendering\BatchRenderer.h">
      <Filter>src\Rendering</Filter>
    </ClInclude>
    <ClInclude Include="src\Rendering\Renderer.h">
      <Filter>src\Rendering</Filter>
    </ClInclude>
    <ClInclude Include="src\Rendering\Shader.h">
      <Filter>src\Rendering</Filter>
    </ClInclude>
    <ClInclude Include="src\Rendering\Texture.h">
      <Filter>src\Rendering</Filter>
    </ClInclude>
    <ClInclude Include="src\SceneManagment\LevelEditorScene.h">
      <Filter>src\SceneManagment</Filter>
    </ClInclude>
    <ClInclude Include="src\SceneManagment\LevelScene.h">
      <Filter>src\SceneManagment</Filter>
    </ClInclude>
    <ClInclude Include="src\SceneManagment\Scene.h">
      <Filter>src\SceneManagment</Filter>
    </ClInclude>
    <ClInclude Include="src\Utils\DataTypes.h">
      <Filter>src\Utils</Filter>
    </ClInclude>
    <ClInclude Include="src\Utils\ErrorHandling.h">
      <Filter>src\Utils</Filter>
    </ClInclude>
    <ClInclude Include="src\Utils\Logger.h">
      <Filter>src\Utils</Filter>
    </ClInclude>
    <ClInclude Include="src\Window.h">
      <Filter>src</Filter>
    </ClInclude>
    <ClInclude Include="src\smpch.h">
      <Filter>src</Filter>
    </ClInclude>
    <ClInclude Include="vendor\ImGui\include\imgui\imconfig.h">
      <Filter>vendor\ImGui\include\imgui</Filter>
    </ClInclude>
    <ClInclude Include="vendor\ImGui\include\imgui\imgui.h">
      <Filter>vendor\ImGui\include\imgui</Filter>
    </ClInclude>
    <ClInclude Include="vendor\ImGui\include\imgui\imgui_impl_glfw.h">
      <Filter>vendor\ImGui\include\imgui</Filter>
    </ClInclude>
    <ClInclude Include="vendor\ImGui\include\imgui\imgui_impl_opengl3.h">
      <Filter>vendor\ImGui\include\imgui</Filter>
    </ClInclude>
    <ClInclude Include="vendor\ImGui\include\imgui\imgui_impl_opengl3_loader.h">
      <Filter>vendor\ImGui\include\imgui</Filter>
    </ClInclude>
    <ClInclude Include="vendor\ImGui\include\imgui\imgui_internal.h">
      <Filter>vendor\ImGui\include\imgui</Filter>
    </ClInclude>
    <ClInclude Include="vendor\ImGui\include\imgui\imstb_rectpack.h">
      <Filter>vendor\ImGui\include\imgui</Filter>
    </ClInclude>
    <ClInclude Include="vendor\ImGui\include\imgui\imstb_textedit.h">
      <Filter>vendor\ImGui\include\imgui</Filter>
    </ClInclude>
    <ClInclude Include="vendor\ImGui\include\imgui\imstb_truetype.h">
      <Filter>vendor\ImGui\include\imgui</Filter>
    </ClInclude>
    <ClInclude Include="vendor\STBI_IMAGE\stbi_image.h">
      <Filter>vendor\STBI_IMAGE</Filter>
    </ClInclude>
    <ClInclude Include="src\Settings.h" />
    <ClInclude Include="src\Utils\Profiler.h" />
    <ClInclude Include="src\Utils\ObjectPool.h" />
    <ClInclude Include="src\Rendering\DebugDraw.h" />
    <ClInclude Include="Math\src\matrix.h" />
  </ItemGroup>
  <ItemGroup>
    <ClCompile Include="EntryPoint.cpp" />
    <ClCompile Include="Math\src\vector.cpp">
      <Filter>Math\src</Filter>
    </ClCompile>
    <ClCompile Include="src\Buffers\IndexBuffer.cpp">
      <Filter>src\Buffers</Filter>
    </ClCompile>
    <ClCompile Include="src\Buffers\VertexArray.cpp">
      <Filter>src\Buffers</Filter>
    </ClCompile>
    <ClCompile Include="src\Buffers\VertexBuffer.cpp">
      <Filter>src\Buffers</Filter>
    </ClCompile>
    <ClCompile Include="src\ECS\GameObject.cpp">
      <Filter>src\ECS</Filter>
    </ClCompile>
    <ClCompile Include="src\InputHandling\InputCallbacks.cpp">
      <Filter>src\InputHandling</Filter>
    </ClCompile>
    <ClCompile Include="src\InputHandling\KeysHandleler.cpp">
      <Filter>src\InputHandling</Filter>
    </ClCompile>
    <ClCompile Include="src\InputHandling\MouseHandleler.cpp">
      <Filter>src\InputHandling</Filter>
    </ClCompile>
    <ClCompile Include="src\Rendering\BatchRenderer.cpp">
      <Filter>src\Rendering</Filter>
    </ClCompile>
    <ClCompile Include="src\Rendering\Renderer.cpp">
      <Filter>src\Rendering</Filter>
    </ClCompile>
    <ClCompile Include="src\Rendering\Shader.cpp">
      <Filter>src\Rendering</Filter>
    </ClCompile>
    <ClCompile Include="src\Rendering\Texture.cpp">
      <Filter>src\Rendering</Filter>
    </ClCompile>
    <ClCompile Include="src\SceneManagment\LevelEditorScene.cpp">
      <Filter>src\SceneManagment</Filter>
    </ClCompile>
    <ClCompile Include="src\SceneManagment\LevelScene.cpp">
      <Filter>src\SceneManagment</Filter>
    </ClCompile>
    <ClCompile Include="src\Utils\DataTypes.cpp">
      <Filter>src\Utils</Filter>
    </ClCompile>
    <ClCompile Include="src\Utils\ErrorHandling.cpp">
      <Filter>src\Utils</Filter>
    </ClCompile>
    <ClCompile Include="src\Utils\Logger.cpp">
      <Filter>src\Utils</Filter>
    </ClCompile>
    <ClCompile Include="src\Window.cpp">
      <Filter>src</Filter>
    </ClCompile>
    <ClCompile Include="src\smpch.cpp">
      <Filter>src</Filter>
    </ClCompile>
    <ClCompile Include="vendor\ImGui\lib\imgui.cpp">
      <Filter>vendor\ImGui\lib</Filter>
    </ClCompile>
    <ClCompile Include="vendor\ImGui\lib\imgui_demo.cpp">
      <Filter>vendor\ImGui\lib</Filter>
    </ClCompile>
    <ClCompile Include="vendor\ImGui\lib\imgui_draw.cpp">
      <Filter>vendor\ImGui\lib</Filter>
    </ClCompile>
    <ClCompile Include="vendor\ImGui\lib\imgui_impl_glfw.cpp">
      <Filter>vendor\ImGui\lib</Filter>
    </ClCompile>
    <ClCompile Include="vendor\ImGui\lib\imgui_impl_opengl3.cpp">
      <Filter>vendor\ImGui\lib</Filter>
    </ClCompile>
    <ClCompile Include="vendor\ImGui\lib\imgui_tables.cpp">
      <Filter>vendor\ImGui\lib</Filter>
    </ClCompile>
    <ClCompile Include="vendor\ImGui\lib\imgui_widgets.cpp">
      <Filter>vendor\ImGui\lib</Filter>
    </ClCompile>
    <ClCompile Include="vendor\STBI_IMAGE\stbi_image.cpp">
      <Filter>vendor\STBI_IMAGE</Filter>
    </ClCompile>
    <ClCompile Include="src\Utils\Profiler.cpp" />
    <ClCompile Include="src\Utils\ObjectPool.cpp" />
    <ClCompile Include="src\Rendering\DebugDraw.cpp" />
    <ClCompile Include="Math\src\matrix.cpp" />
  </ItemGroup>
  <ItemGroup>
    <None Include="premake5.lua" />
    <None Include="src\Assets\Shaders\Shader.shader">
      <Filter>src\Assets\Shaders</Filter>
    </None>
    <None Include="src\Assets\Shaders\DebugDrawing.shader" />
  </ItemGroup>
  <ItemGroup>
    <Image Include="src\Assets\Images\amogus.jpg">
      <Filter>src\Assets\Images</Filter>
    </Image>
    <Image Include="src\Assets\Images\blocks.png">
      <Filter>src\Assets\Images</Filter>
    </Image>
    <Image Include="src\Assets\Images\spritesheet.png">
      <Filter>src\Assets\Images</Filter>
    </Image>
    <Image Include="src\Assets\Images\testSheet.png">
      <Filter>src\Assets\Images</Filter>
    </Image>
    <Image Include="src\Assets\Images\trollface.png">
      <Filter>src\Assets\Images</Filter>
    </Image>
  </ItemGroup>
</Project>