<?xml version="1.0" encoding="utf-8"?>
<Project ToolsVersion="4.0" xmlns="http://schemas.microsoft.com/developer/msbuild/2003">
  <ItemGroup>
    <Filter Include="Math">
      <UniqueIdentifier>{AFF4887C-9B2B-8A0D-4418-7010302E060F}</UniqueIdentifier>
    </Filter>
    <Filter Include="Math\src">
      <UniqueIdentifier>{46725DCC-323F-B8D7-5B58-A67F4784ED65}</UniqueIdentifier>
    </Filter>
    <Filter Include="src">
      <UniqueIdentifier>{2DAB880B-99B4-887C-2230-9F7C8E38947C}</UniqueIdentifier>
    </Filter>
    <Filter Include="src\Assets">
      <UniqueIdentifier>{6FFD3E05-5BB5-8052-C4BC-59AEB0931B43}</UniqueIdentifier>
    </Filter>
    <Filter Include="src\Assets\Images">
      <UniqueIdentifier>{34CB9047-A0E1-8EDD-E958-1AFF55AE5F65}</UniqueIdentifier>
    </Filter>
    <Filter Include="src\Assets\Shaders">
      <UniqueIdentifier>{4821C52F-3405-8685-9D65-80D889687007}</UniqueIdentifier>
    </Filter>
    <Filter Include="src\Buffers">
      <UniqueIdentifier>{A947D8FD-15FD-50F3-9EF1-4ACA0AA647F7}</UniqueIdentifier>
    </Filter>
    <Filter Include="src\ECS">
      <UniqueIdentifier>{F76D2FA9-634D-AE44-6C65-391BD8C314A6}</UniqueIdentifier>
    </Filter>
    <Filter Include="src\Editor">
      <UniqueIdentifier>{C3F37E0D-AFAB-C05A-18B3-99B6048A5B4B}</UniqueIdentifier>
    </Filter>
    <Filter Include="src\InputHandling">
      <UniqueIdentifier>{1167DE2D-7D7D-DCC3-C6F4-67E5324AAD4B}</UniqueIdentifier>
    </Filter>
    <Filter Include="src\Rendering">
      <UniqueIdentifier>{BA10DABB-26D1-55F2-EF0B-9F6F5B8B9ACE}</UniqueIdentifier>
    </Filter>
    <Filter Include="src\SceneManagment">
      <UniqueIdentifier>{42F59113-2ED9-5269-9739-4DBC833C3DEB}</UniqueIdentifier>
    </Filter>
    <Filter Include="src\Utils">
      <UniqueIdentifier>{4D9AFFB3-B904-B42A-0243-65D06EEC917F}</UniqueIdentifier>
    </Filter>
    <Filter Include="vendor">
      <UniqueIdentifier>{B3738122-9F15-ACF8-88D0-BF4C74113349}</UniqueIdentifier>
    </Filter>
    <Filter Include="vendor\ImGui">
      <UniqueIdentifier>{1DA38CEE-0906-1C93-B28B-54499ECDE715}</UniqueIdentifier>
    </Filter>
    <Filter Include="vendor\ImGui\include">
      <UniqueIdentifier>{90972523-7C26-AFEC-2545-C3E711B3BF92}</UniqueIdentifier>
    </Filter>
    <Filter Include="vendor\ImGui\include\imgui">
      <UniqueIdentifier>{FA10C986-E620-7557-4FDA-D9753B0964F0}</UniqueIdentifier>
    </Filter>
    <Filter Include="vendor\ImGui\lib">
      <UniqueIdentifier>{C3884EDC-AF81-6D2E-D8B3-52B3C40B4D3A}</UniqueIdentifier>
    </Filter>
    <Filter Include="vendor\STBI_IMAGE">
      <UniqueIdentifier>{76E38740-E2F9-85D6-2B71-11F897C6565E}</UniqueIdentifier>
    </Filter>
    <Filter Include="vendor\yaml-cpp">
      <UniqueIdentifier>{C5B3FC54-313F-6A19-3A50-ED0DA65AC619}</UniqueIdentifier>
    </Filter>
    <Filter Include="vendor\yaml-cpp\include">
      <UniqueIdentifier>{38D04F32-A407-98C9-AD11-FCEC19C8BEC2}</UniqueIdentifier>
    </Filter>
    <Filter Include="vendor\yaml-cpp\include\yaml-cpp">
      <UniqueIdentifier>{EAF52FF2-D646-1B34-FFAA-09F6EB5AAE9D}</UniqueIdentifier>
    </Filter>
    <Filter Include="vendor\yaml-cpp\include\yaml-cpp\contrib">
      <UniqueIdentifier>{EA87E472-D604-D8B5-FF81-D8C9EB5D7449}</UniqueIdentifier>
    </Filter>
    <Filter Include="vendor\yaml-cpp\include\yaml-cpp\node">
      <UniqueIdentifier>{FFEED84C-6BB3-D73C-3419-0807A09C7372}</UniqueIdentifier>
    </Filter>
    <Filter Include="vendor\yaml-cpp\include\yaml-cpp\node\detail">
      <UniqueIdentifier>{E131EE05-CD44-EE5E-762E-CB4B62208BAC}</UniqueIdentifier>
    </Filter>
    <Filter Include="vendor\yaml-cpp\src">
      <UniqueIdentifier>{5CCC2628-C82D-0436-519B-4AE8BDFB3AF5}</UniqueIdentifier>
    </Filter>
    <Filter Include="vendor\yaml-cpp\src\contrib">
      <UniqueIdentifier>{5CB0BB24-C8BD-E90A-51A4-E5F5BDB0B5C1}</UniqueIdentifier>
    </Filter>
  </ItemGroup>
  <ItemGroup>
    <ClInclude Include="Math\SM_math.h">
      <Filter>Math</Filter>
    </ClInclude>
    <ClInclude Include="Math\src\matrix.h">
      <Filter>Math\src</Filter>
    </ClInclude>
    <ClInclude Include="Math\src\vector.h">
      <Filter>Math\src</Filter>
    </ClInclude>
    <ClInclude Include="Sycamore.h" />
    <ClInclude Include="src\Buffers\Framebuffer.h">
      <Filter>src\Buffers</Filter>
    </ClInclude>
    <ClInclude Include="src\Buffers\IndexBuffer.h">
      <Filter>src\Buffers</Filter>
    </ClInclude>
    <ClInclude Include="src\Buffers\VertexArray.h">
      <Filter>src\Buffers</Filter>
    </ClInclude>
    <ClInclude Include="src\Buffers\VertexBuffer.h">
      <Filter>src\Buffers</Filter>
    </ClInclude>
    <ClInclude Include="src\Buffers\VertexBufferLayout.h">
      <Filter>src\Buffers</Filter>
    </ClInclude>
    <ClInclude Include="src\ECS\Component.h">
      <Filter>src\ECS</Filter>
    </ClInclude>
    <ClInclude Include="src\ECS\GameObject.h">
      <Filter>src\ECS</Filter>
    </ClInclude>
    <ClInclude Include="src\ECS\Sprite.h">
      <Filter>src\ECS</Filter>
    </ClInclude>
    <ClInclude Include="src\ECS\SpriteRenderer.h">
      <Filter>src\ECS</Filter>
    </ClInclude>
    <ClInclude Include="src\ECS\Spritesheet.h">
      <Filter>src\ECS</Filter>
    </ClInclude>
    <ClInclude Include="src\ECS\Transform.h">
      <Filter>src\ECS</Filter>
    </ClInclude>
    <ClInclude Include="src\Editor\GameViewport.h">
      <Filter>src\Editor</Filter>
    </ClInclude>
    <ClInclude Include="src\InputHandling\InputCallbacks.h">
      <Filter>src\InputHandling</Filter>
    </ClInclude>
    <ClInclude Include="src\InputHandling\KeysHandleler.h">
      <Filter>src\InputHandling</Filter>
    </ClInclude>
    <ClInclude Include="src\InputHandling\MouseHandleler.h">
      <Filter>src\InputHandling</Filter>
    </ClInclude>
    <ClInclude Include="src\Rendering\BatchRenderer.h">
      <Filter>src\Rendering</Filter>
    </ClInclude>
    <ClInclude Include="src\Rendering\DebugDraw.h">
      <Filter>src\Rendering</Filter>
    </ClInclude>
    <ClInclude Include="src\Rendering\Renderer.h">
      <Filter>src\Rendering</Filter>
    </ClInclude>
    <ClInclude Include="src\Rendering\Shader.h">
      <Filter>src\Rendering</Filter>
    </ClInclude>
    <ClInclude Include="src\Rendering\Texture.h">
      <Filter>src\Rendering</Filter>
    </ClInclude>
    <ClInclude Include="src\SceneManagment\LevelEditorScene.h">
      <Filter>src\SceneManagment</Filter>
    </ClInclude>
    <ClInclude Include="src\SceneManagment\LevelScene.h">
      <Filter>src\SceneManagment</Filter>
    </ClInclude>
    <ClInclude Include="src\SceneManagment\Scene.h">
      <Filter>src\SceneManagment</Filter>
    </ClInclude>
    <ClInclude Include="src\Utils\DataTypes.h">
      <Filter>src\Utils</Filter>
    </ClInclude>
    <ClInclude Include="src\Utils\ErrorHandling.h">
      <Filter>src\Utils</Filter>
    </ClInclude>
    <ClInclude Include="src\Utils\Logger.h">
      <Filter>src\Utils</Filter>
    </ClInclude>
    <ClInclude Include="src\Utils\ObjectPool.h">
      <Filter>src\Utils</Filter>
    </ClInclude>
    <ClInclude Include="src\Utils\Profiler.h">
      <Filter>src\Utils</Filter>
    </ClInclude>
    <ClInclude Include="src\Utils\Serializer.h">
      <Filter>src\Utils</Filter>
    </ClInclude>
    <ClInclude Include="src\Utils\Settings.h">
      <Filter>src\Utils</Filter>
    </ClInclude>
    <ClInclude Include="src\Window.h">
      <Filter>src</Filter>
    </ClInclude>
    <ClInclude Include="src\smpch.h">
      <Filter>src</Filter>
    </ClInclude>
    <ClInclude Include="vendor\ImGui\include\imgui\imconfig.h">
      <Filter>vendor\ImGui\include\imgui</Filter>
    </ClInclude>
    <ClInclude Include="vendor\ImGui\include\imgui\imgui.h">
      <Filter>vendor\ImGui\include\imgui</Filter>
    </ClInclude>
    <ClInclude Include="vendor\ImGui\include\imgui\imgui_impl_glfw.h">
      <Filter>vendor\ImGui\include\imgui</Filter>
    </ClInclude>
    <ClInclude Include="vendor\ImGui\include\imgui\imgui_impl_opengl3.h">
      <Filter>vendor\ImGui\include\imgui</Filter>
    </ClInclude>
    <ClInclude Include="vendor\ImGui\include\imgui\imgui_impl_opengl3_loader.h">
      <Filter>vendor\ImGui\include\imgui</Filter>
    </ClInclude>
    <ClInclude Include="vendor\ImGui\include\imgui\imgui_internal.h">
      <Filter>vendor\ImGui\include\imgui</Filter>
    </ClInclude>
    <ClInclude Include="vendor\ImGui\include\imgui\imstb_rectpack.h">
      <Filter>vendor\ImGui\include\imgui</Filter>
    </ClInclude>
    <ClInclude Include="vendor\ImGui\include\imgui\imstb_textedit.h">
      <Filter>vendor\ImGui\include\imgui</Filter>
    </ClInclude>
    <ClInclude Include="vendor\ImGui\include\imgui\imstb_truetype.h">
      <Filter>vendor\ImGui\include\imgui</Filter>
    </ClInclude>
    <ClInclude Include="vendor\STBI_IMAGE\stbi_image.h">
      <Filter>vendor\STBI_IMAGE</Filter>
    </ClInclude>
    <ClInclude Include="vendor\yaml-cpp\include\yaml-cpp\anchor.h">
      <Filter>vendor\yaml-cpp\include\yaml-cpp</Filter>
    </ClInclude>
    <ClInclude Include="vendor\yaml-cpp\include\yaml-cpp\binary.h">
      <Filter>vendor\yaml-cpp\include\yaml-cpp</Filter>
    </ClInclude>
    <ClInclude Include="vendor\yaml-cpp\include\yaml-cpp\contrib\anchordict.h">
      <Filter>vendor\yaml-cpp\include\yaml-cpp\contrib</Filter>
    </ClInclude>
    <ClInclude Include="vendor\yaml-cpp\include\yaml-cpp\contrib\graphbuilder.h">
      <Filter>vendor\yaml-cpp\include\yaml-cpp\contrib</Filter>
    </ClInclude>
    <ClInclude Include="vendor\yaml-cpp\include\yaml-cpp\depthguard.h">
      <Filter>vendor\yaml-cpp\include\yaml-cpp</Filter>
    </ClInclude>
    <ClInclude Include="vendor\yaml-cpp\include\yaml-cpp\dll.h">
      <Filter>vendor\yaml-cpp\include\yaml-cpp</Filter>
    </ClInclude>
    <ClInclude Include="vendor\yaml-cpp\include\yaml-cpp\emitfromevents.h">
      <Filter>vendor\yaml-cpp\include\yaml-cpp</Filter>
    </ClInclude>
    <ClInclude Include="vendor\yaml-cpp\include\yaml-cpp\emitter.h">
      <Filter>vendor\yaml-cpp\include\yaml-cpp</Filter>
    </ClInclude>
    <ClInclude Include="vendor\yaml-cpp\include\yaml-cpp\emitterdef.h">
      <Filter>vendor\yaml-cpp\include\yaml-cpp</Filter>
    </ClInclude>
    <ClInclude Include="vendor\yaml-cpp\include\yaml-cpp\emittermanip.h">
      <Filter>vendor\yaml-cpp\include\yaml-cpp</Filter>
    </ClInclude>
    <ClInclude Include="vendor\yaml-cpp\include\yaml-cpp\emitterstyle.h">
      <Filter>vendor\yaml-cpp\include\yaml-cpp</Filter>
    </ClInclude>
    <ClInclude Include="vendor\yaml-cpp\include\yaml-cpp\eventhandler.h">
      <Filter>vendor\yaml-cpp\include\yaml-cpp</Filter>
    </ClInclude>
    <ClInclude Include="vendor\yaml-cpp\include\yaml-cpp\exceptions.h">
      <Filter>vendor\yaml-cpp\include\yaml-cpp</Filter>
    </ClInclude>
    <ClInclude Include="vendor\yaml-cpp\include\yaml-cpp\mark.h">
      <Filter>vendor\yaml-cpp\include\yaml-cpp</Filter>
    </ClInclude>
    <ClInclude Include="vendor\yaml-cpp\include\yaml-cpp\node\convert.h">
      <Filter>vendor\yaml-cpp\include\yaml-cpp\node</Filter>
    </ClInclude>
    <ClInclude Include="vendor\yaml-cpp\include\yaml-cpp\node\detail\impl.h">
      <Filter>vendor\yaml-cpp\include\yaml-cpp\node\detail</Filter>
    </ClInclude>
    <ClInclude Include="vendor\yaml-cpp\include\yaml-cpp\node\detail\iterator.h">
      <Filter>vendor\yaml-cpp\include\yaml-cpp\node\detail</Filter>
    </ClInclude>
    <ClInclude Include="vendor\yaml-cpp\include\yaml-cpp\node\detail\iterator_fwd.h">
      <Filter>vendor\yaml-cpp\include\yaml-cpp\node\detail</Filter>
    </ClInclude>
    <ClInclude Include="vendor\yaml-cpp\include\yaml-cpp\node\detail\memory.h">
      <Filter>vendor\yaml-cpp\include\yaml-cpp\node\detail</Filter>
    </ClInclude>
    <ClInclude Include="vendor\yaml-cpp\include\yaml-cpp\node\detail\node.h">
      <Filter>vendor\yaml-cpp\include\yaml-cpp\node\detail</Filter>
    </ClInclude>
    <ClInclude Include="vendor\yaml-cpp\include\yaml-cpp\node\detail\node_data.h">
      <Filter>vendor\yaml-cpp\include\yaml-cpp\node\detail</Filter>
    </ClInclude>
    <ClInclude Include="vendor\yaml-cpp\include\yaml-cpp\node\detail\node_iterator.h">
      <Filter>vendor\yaml-cpp\include\yaml-cpp\node\detail</Filter>
    </ClInclude>
    <ClInclude Include="vendor\yaml-cpp\include\yaml-cpp\node\detail\node_ref.h">
      <Filter>vendor\yaml-cpp\include\yaml-cpp\node\detail</Filter>
    </ClInclude>
    <ClInclude Include="vendor\yaml-cpp\include\yaml-cpp\node\emit.h">
      <Filter>vendor\yaml-cpp\include\yaml-cpp\node</Filter>
    </ClInclude>
    <ClInclude Include="vendor\yaml-cpp\include\yaml-cpp\node\impl.h">
      <Filter>vendor\yaml-cpp\include\yaml-cpp\node</Filter>
    </ClInclude>
    <ClInclude Include="vendor\yaml-cpp\include\yaml-cpp\node\iterator.h">
      <Filter>vendor\yaml-cpp\include\yaml-cpp\node</Filter>
    </ClInclude>
    <ClInclude Include="vendor\yaml-cpp\include\yaml-cpp\node\node.h">
      <Filter>vendor\yaml-cpp\include\yaml-cpp\node</Filter>
    </ClInclude>
    <ClInclude Include="vendor\yaml-cpp\include\yaml-cpp\node\parse.h">
      <Filter>vendor\yaml-cpp\include\yaml-cpp\node</Filter>
    </ClInclude>
    <ClInclude Include="vendor\yaml-cpp\include\yaml-cpp\node\ptr.h">
      <Filter>vendor\yaml-cpp\include\yaml-cpp\node</Filter>
    </ClInclude>
    <ClInclude Include="vendor\yaml-cpp\include\yaml-cpp\node\type.h">
      <Filter>vendor\yaml-cpp\include\yaml-cpp\node</Filter>
    </ClInclude>
    <ClInclude Include="vendor\yaml-cpp\include\yaml-cpp\noexcept.h">
      <Filter>vendor\yaml-cpp\include\yaml-cpp</Filter>
    </ClInclude>
    <ClInclude Include="vendor\yaml-cpp\include\yaml-cpp\null.h">
      <Filter>vendor\yaml-cpp\include\yaml-cpp</Filter>
    </ClInclude>
    <ClInclude Include="vendor\yaml-cpp\include\yaml-cpp\ostream_wrapper.h">
      <Filter>vendor\yaml-cpp\include\yaml-cpp</Filter>
    </ClInclude>
    <ClInclude Include="vendor\yaml-cpp\include\yaml-cpp\parser.h">
      <Filter>vendor\yaml-cpp\include\yaml-cpp</Filter>
    </ClInclude>
    <ClInclude Include="vendor\yaml-cpp\include\yaml-cpp\stlemitter.h">
      <Filter>vendor\yaml-cpp\include\yaml-cpp</Filter>
    </ClInclude>
    <ClInclude Include="vendor\yaml-cpp\include\yaml-cpp\traits.h">
      <Filter>vendor\yaml-cpp\include\yaml-cpp</Filter>
    </ClInclude>
    <ClInclude Include="vendor\yaml-cpp\include\yaml-cpp\yaml.h">
      <Filter>vendor\yaml-cpp\include\yaml-cpp</Filter>
    </ClInclude>
    <ClInclude Include="vendor\yaml-cpp\src\collectionstack.h">
      <Filter>vendor\yaml-cpp\src</Filter>
    </ClInclude>
    <ClInclude Include="vendor\yaml-cpp\src\contrib\graphbuilderadapter.h">
      <Filter>vendor\yaml-cpp\src\contrib</Filter>
    </ClInclude>
    <ClInclude Include="vendor\yaml-cpp\src\directives.h">
      <Filter>vendor\yaml-cpp\src</Filter>
    </ClInclude>
    <ClInclude Include="vendor\yaml-cpp\src\emitterstate.h">
      <Filter>vendor\yaml-cpp\src</Filter>
    </ClInclude>
    <ClInclude Include="vendor\yaml-cpp\src\emitterutils.h">
      <Filter>vendor\yaml-cpp\src</Filter>
    </ClInclude>
    <ClInclude Include="vendor\yaml-cpp\src\exp.h">
      <Filter>vendor\yaml-cpp\src</Filter>
    </ClInclude>
    <ClInclude Include="vendor\yaml-cpp\src\indentation.h">
      <Filter>vendor\yaml-cpp\src</Filter>
    </ClInclude>
    <ClInclude Include="vendor\yaml-cpp\src\nodebuilder.h">
      <Filter>vendor\yaml-cpp\src</Filter>
    </ClInclude>
    <ClInclude Include="vendor\yaml-cpp\src\nodeevents.h">
      <Filter>vendor\yaml-cpp\src</Filter>
    </ClInclude>
    <ClInclude Include="vendor\yaml-cpp\src\ptr_vector.h">
      <Filter>vendor\yaml-cpp\src</Filter>
    </ClInclude>
    <ClInclude Include="vendor\yaml-cpp\src\regex_yaml.h">
      <Filter>vendor\yaml-cpp\src</Filter>
    </ClInclude>
    <ClInclude Include="vendor\yaml-cpp\src\regeximpl.h">
      <Filter>vendor\yaml-cpp\src</Filter>
    </ClInclude>
    <ClInclude Include="vendor\yaml-cpp\src\scanner.h">
      <Filter>vendor\yaml-cpp\src</Filter>
    </ClInclude>
    <ClInclude Include="vendor\yaml-cpp\src\scanscalar.h">
      <Filter>vendor\yaml-cpp\src</Filter>
    </ClInclude>
    <ClInclude Include="vendor\yaml-cpp\src\scantag.h">
      <Filter>vendor\yaml-cpp\src</Filter>
    </ClInclude>
    <ClInclude Include="vendor\yaml-cpp\src\setting.h">
      <Filter>vendor\yaml-cpp\src</Filter>
    </ClInclude>
    <ClInclude Include="vendor\yaml-cpp\src\singledocparser.h">
      <Filter>vendor\yaml-cpp\src</Filter>
    </ClInclude>
    <ClInclude Include="vendor\yaml-cpp\src\stream.h">
      <Filter>vendor\yaml-cpp\src</Filter>
    </ClInclude>
    <ClInclude Include="vendor\yaml-cpp\src\streamcharsource.h">
      <Filter>vendor\yaml-cpp\src</Filter>
    </ClInclude>
    <ClInclude Include="vendor\yaml-cpp\src\stringsource.h">
      <Filter>vendor\yaml-cpp\src</Filter>
    </ClInclude>
    <ClInclude Include="vendor\yaml-cpp\src\tag.h">
      <Filter>vendor\yaml-cpp\src</Filter>
    </ClInclude>
    <ClInclude Include="vendor\yaml-cpp\src\token.h">
      <Filter>vendor\yaml-cpp\src</Filter>
    </ClInclude>
    <ClInclude Include="src\Utils\UUID.h" />
    <ClInclude Include="Physics\Primitives\Primitives.h" />
    <ClInclude Include="Physics\Rigidbody\IntersectionDetection.h" />
    <ClInclude Include="Math\src\Utils.h" />
    <ClInclude Include="Physics\Rigidbody\Rigidbody.h" />
    <ClInclude Include="Physics\Forces\ForceGenerator.h" />
    <ClInclude Include="Physics\Forces\ForceRegistry.h" />
    <ClInclude Include="Physics\PhysicsSystem.h" />
    <ClInclude Include="Physics\Forces\Gravity.h" />
    <ClInclude Include="Physics\Rigidbody\Collisions.h" />
  </ItemGroup>
  <ItemGroup>
    <ClCompile Include="EntryPoint.cpp" />
    <ClCompile Include="Math\src\matrix.cpp">
      <Filter>Math\src</Filter>
    </ClCompile>
    <ClCompile Include="Math\src\vector.cpp">
      <Filter>Math\src</Filter>
    </ClCompile>
    <ClCompile Include="src\Buffers\Framebuffer.cpp">
      <Filter>src\Buffers</Filter>
    </ClCompile>
    <ClCompile Include="src\Buffers\IndexBuffer.cpp">
      <Filter>src\Buffers</Filter>
    </ClCompile>
    <ClCompile Include="src\Buffers\VertexArray.cpp">
      <Filter>src\Buffers</Filter>
    </ClCompile>
    <ClCompile Include="src\Buffers\VertexBuffer.cpp">
      <Filter>src\Buffers</Filter>
    </ClCompile>
    <ClCompile Include="src\ECS\GameObject.cpp">
      <Filter>src\ECS</Filter>
    </ClCompile>
    <ClCompile Include="src\Editor\GameViewport.cpp">
      <Filter>src\Editor</Filter>
    </ClCompile>
    <ClCompile Include="src\InputHandling\InputCallbacks.cpp">
      <Filter>src\InputHandling</Filter>
    </ClCompile>
    <ClCompile Include="src\InputHandling\KeysHandleler.cpp">
      <Filter>src\InputHandling</Filter>
    </ClCompile>
    <ClCompile Include="src\InputHandling\MouseHandleler.cpp">
      <Filter>src\InputHandling</Filter>
    </ClCompile>
    <ClCompile Include="src\Rendering\BatchRenderer.cpp">
      <Filter>src\Rendering</Filter>
    </ClCompile>
    <ClCompile Include="src\Rendering\DebugDraw.cpp">
      <Filter>src\Rendering</Filter>
    </ClCompile>
    <ClCompile Include="src\Rendering\Renderer.cpp">
      <Filter>src\Rendering</Filter>
    </ClCompile>
    <ClCompile Include="src\Rendering\Shader.cpp">
      <Filter>src\Rendering</Filter>
    </ClCompile>
    <ClCompile Include="src\Rendering\Texture.cpp">
      <Filter>src\Rendering</Filter>
    </ClCompile>
    <ClCompile Include="src\SceneManagment\LevelEditorScene.cpp">
      <Filter>src\SceneManagment</Filter>
    </ClCompile>
    <ClCompile Include="src\SceneManagment\LevelScene.cpp">
      <Filter>src\SceneManagment</Filter>
    </ClCompile>
    <ClCompile Include="src\Utils\DataTypes.cpp">
      <Filter>src\Utils</Filter>
    </ClCompile>
    <ClCompile Include="src\Utils\ErrorHandling.cpp">
      <Filter>src\Utils</Filter>
    </ClCompile>
    <ClCompile Include="src\Utils\Logger.cpp">
      <Filter>src\Utils</Filter>
    </ClCompile>
    <ClCompile Include="src\Utils\ObjectPool.cpp">
      <Filter>src\Utils</Filter>
    </ClCompile>
    <ClCompile Include="src\Utils\Profiler.cpp">
      <Filter>src\Utils</Filter>
    </ClCompile>
    <ClCompile Include="src\Utils\Serializer.cpp">
      <Filter>src\Utils</Filter>
    </ClCompile>
    <ClCompile Include="src\Window.cpp">
      <Filter>src</Filter>
    </ClCompile>
    <ClCompile Include="src\smpch.cpp">
      <Filter>src</Filter>
    </ClCompile>
    <ClCompile Include="vendor\ImGui\lib\imgui.cpp">
      <Filter>vendor\ImGui\lib</Filter>
    </ClCompile>
    <ClCompile Include="vendor\ImGui\lib\imgui_demo.cpp">
      <Filter>vendor\ImGui\lib</Filter>
    </ClCompile>
    <ClCompile Include="vendor\ImGui\lib\imgui_draw.cpp">
      <Filter>vendor\ImGui\lib</Filter>
    </ClCompile>
    <ClCompile Include="vendor\ImGui\lib\imgui_impl_glfw.cpp">
      <Filter>vendor\ImGui\lib</Filter>
    </ClCompile>
    <ClCompile Include="vendor\ImGui\lib\imgui_impl_opengl3.cpp">
      <Filter>vendor\ImGui\lib</Filter>
    </ClCompile>
    <ClCompile Include="vendor\ImGui\lib\imgui_tables.cpp">
      <Filter>vendor\ImGui\lib</Filter>
    </ClCompile>
    <ClCompile Include="vendor\ImGui\lib\imgui_widgets.cpp">
      <Filter>vendor\ImGui\lib</Filter>
    </ClCompile>
    <ClCompile Include="vendor\STBI_IMAGE\stbi_image.cpp">
      <Filter>vendor\STBI_IMAGE</Filter>
    </ClCompile>
    <ClCompile Include="vendor\yaml-cpp\src\binary.cpp">
      <Filter>vendor\yaml-cpp\src</Filter>
    </ClCompile>
    <ClCompile Include="vendor\yaml-cpp\src\contrib\graphbuilder.cpp">
      <Filter>vendor\yaml-cpp\src\contrib</Filter>
    </ClCompile>
    <ClCompile Include="vendor\yaml-cpp\src\contrib\graphbuilderadapter.cpp">
      <Filter>vendor\yaml-cpp\src\contrib</Filter>
    </ClCompile>
    <ClCompile Include="vendor\yaml-cpp\src\convert.cpp">
      <Filter>vendor\yaml-cpp\src</Filter>
    </ClCompile>
    <ClCompile Include="vendor\yaml-cpp\src\depthguard.cpp">
      <Filter>vendor\yaml-cpp\src</Filter>
    </ClCompile>
    <ClCompile Include="vendor\yaml-cpp\src\directives.cpp">
      <Filter>vendor\yaml-cpp\src</Filter>
    </ClCompile>
    <ClCompile Include="vendor\yaml-cpp\src\emit.cpp">
      <Filter>vendor\yaml-cpp\src</Filter>
    </ClCompile>
    <ClCompile Include="vendor\yaml-cpp\src\emitfromevents.cpp">
      <Filter>vendor\yaml-cpp\src</Filter>
    </ClCompile>
    <ClCompile Include="vendor\yaml-cpp\src\emitter.cpp">
      <Filter>vendor\yaml-cpp\src</Filter>
    </ClCompile>
    <ClCompile Include="vendor\yaml-cpp\src\emitterstate.cpp">
      <Filter>vendor\yaml-cpp\src</Filter>
    </ClCompile>
    <ClCompile Include="vendor\yaml-cpp\src\emitterutils.cpp">
      <Filter>vendor\yaml-cpp\src</Filter>
    </ClCompile>
    <ClCompile Include="vendor\yaml-cpp\src\exceptions.cpp">
      <Filter>vendor\yaml-cpp\src</Filter>
    </ClCompile>
    <ClCompile Include="vendor\yaml-cpp\src\exp.cpp">
      <Filter>vendor\yaml-cpp\src</Filter>
    </ClCompile>
    <ClCompile Include="vendor\yaml-cpp\src\memory.cpp">
      <Filter>vendor\yaml-cpp\src</Filter>
    </ClCompile>
    <ClCompile Include="vendor\yaml-cpp\src\node.cpp">
      <Filter>vendor\yaml-cpp\src</Filter>
    </ClCompile>
    <ClCompile Include="vendor\yaml-cpp\src\node_data.cpp">
      <Filter>vendor\yaml-cpp\src</Filter>
    </ClCompile>
    <ClCompile Include="vendor\yaml-cpp\src\nodebuilder.cpp">
      <Filter>vendor\yaml-cpp\src</Filter>
    </ClCompile>
    <ClCompile Include="vendor\yaml-cpp\src\nodeevents.cpp">
      <Filter>vendor\yaml-cpp\src</Filter>
    </ClCompile>
    <ClCompile Include="vendor\yaml-cpp\src\null.cpp">
      <Filter>vendor\yaml-cpp\src</Filter>
    </ClCompile>
    <ClCompile Include="vendor\yaml-cpp\src\ostream_wrapper.cpp">
      <Filter>vendor\yaml-cpp\src</Filter>
    </ClCompile>
    <ClCompile Include="vendor\yaml-cpp\src\parse.cpp">
      <Filter>vendor\yaml-cpp\src</Filter>
    </ClCompile>
    <ClCompile Include="vendor\yaml-cpp\src\parser.cpp">
      <Filter>vendor\yaml-cpp\src</Filter>
    </ClCompile>
    <ClCompile Include="vendor\yaml-cpp\src\regex_yaml.cpp">
      <Filter>vendor\yaml-cpp\src</Filter>
    </ClCompile>
    <ClCompile Include="vendor\yaml-cpp\src\scanner.cpp">
      <Filter>vendor\yaml-cpp\src</Filter>
    </ClCompile>
    <ClCompile Include="vendor\yaml-cpp\src\scanscalar.cpp">
      <Filter>vendor\yaml-cpp\src</Filter>
    </ClCompile>
    <ClCompile Include="vendor\yaml-cpp\src\scantag.cpp">
      <Filter>vendor\yaml-cpp\src</Filter>
    </ClCompile>
    <ClCompile Include="vendor\yaml-cpp\src\scantoken.cpp">
      <Filter>vendor\yaml-cpp\src</Filter>
    </ClCompile>
    <ClCompile Include="vendor\yaml-cpp\src\simplekey.cpp">
      <Filter>vendor\yaml-cpp\src</Filter>
    </ClCompile>
    <ClCompile Include="vendor\yaml-cpp\src\singledocparser.cpp">
      <Filter>vendor\yaml-cpp\src</Filter>
    </ClCompile>
    <ClCompile Include="vendor\yaml-cpp\src\stream.cpp">
      <Filter>vendor\yaml-cpp\src</Filter>
    </ClCompile>
    <ClCompile Include="vendor\yaml-cpp\src\tag.cpp">
      <Filter>vendor\yaml-cpp\src</Filter>
    </ClCompile>
    <ClCompile Include="src\Utils\UUID.cpp" />
    <ClCompile Include="Physics\Rigidbody\IntersectionDetection.cpp" />
    <ClCompile Include="Math\src\Utils.cpp" />
    <ClCompile Include="Physics\Forces\ForceRegistry.cpp" />
    <ClCompile Include="Physics\PhysicsSystem.cpp" />
    <ClCompile Include="Physics\Forces\Gravity.cpp" />
    <ClCompile Include="Physics\Rigidbody\Rigidbody.cpp" />
    <ClCompile Include="Physics\Rigidbody\Collissions.cpp" />
  </ItemGroup>
  <ItemGroup>
    <None Include="premake5.lua" />
    <None Include="src\Assets\Shaders\debugDrawing.shader">
      <Filter>src\Assets\Shaders</Filter>
    </None>
    <None Include="src\Assets\Shaders\main.shader">
      <Filter>src\Assets\Shaders</Filter>
    </None>
  </ItemGroup>
  <ItemGroup>
    <Image Include="src\Assets\Images\amogus.jpg">
      <Filter>src\Assets\Images</Filter>
    </Image>
    <Image Include="src\Assets\Images\blocks.png">
      <Filter>src\Assets\Images</Filter>
    </Image>
    <Image Include="src\Assets\Images\spritesheet.png">
      <Filter>src\Assets\Images</Filter>
    </Image>
    <Image Include="src\Assets\Images\testSheet.png">
      <Filter>src\Assets\Images</Filter>
    </Image>
    <Image Include="src\Assets\Images\trollface.png">
      <Filter>src\Assets\Images</Filter>
    </Image>
  </ItemGroup>
</Project>